// !$*UTF8*$!
{
	archiveVersion = 1;
	classes = {
	};
	objectVersion = 56;
	objects = {

/* Begin PBXBuildFile section */
		14324252244D355B83816551 /* Pods_GearCollectionApp_GearCollectionAppUITests.framework in Frameworks */ = {isa = PBXBuildFile; fileRef = 70B4CC14D66D1A43515DB736 /* Pods_GearCollectionApp_GearCollectionAppUITests.framework */; };
		30F5A4D2D5931DE1C8C50322 /* Pods_GearCollectionApp.framework in Frameworks */ = {isa = PBXBuildFile; fileRef = 77A92AE29DAD98A566632868 /* Pods_GearCollectionApp.framework */; };
		523E8E132997909B00BC6C15 /* CollectionViewCell.swift in Sources */ = {isa = PBXBuildFile; fileRef = 523E8E112997909B00BC6C15 /* CollectionViewCell.swift */; };
		523E8E142997909B00BC6C15 /* CollectionViewCell.xib in Resources */ = {isa = PBXBuildFile; fileRef = 523E8E122997909B00BC6C15 /* CollectionViewCell.xib */; };
		523E8E182999035700BC6C15 /* GearDataModel.swift in Sources */ = {isa = PBXBuildFile; fileRef = 523E8E172999035700BC6C15 /* GearDataModel.swift */; };
		5258BABF2993C05A00814796 /* AppDelegate.swift in Sources */ = {isa = PBXBuildFile; fileRef = 5258BABE2993C05A00814796 /* AppDelegate.swift */; };
		5258BAC12993C05A00814796 /* SceneDelegate.swift in Sources */ = {isa = PBXBuildFile; fileRef = 5258BAC02993C05A00814796 /* SceneDelegate.swift */; };
		5258BAC32993C05A00814796 /* ViewController.swift in Sources */ = {isa = PBXBuildFile; fileRef = 5258BAC22993C05A00814796 /* ViewController.swift */; };
		5258BAC62993C05A00814796 /* Main.storyboard in Resources */ = {isa = PBXBuildFile; fileRef = 5258BAC42993C05A00814796 /* Main.storyboard */; };
		5258BAC82993C05B00814796 /* Assets.xcassets in Resources */ = {isa = PBXBuildFile; fileRef = 5258BAC72993C05B00814796 /* Assets.xcassets */; };
		5258BACB2993C05B00814796 /* LaunchScreen.storyboard in Resources */ = {isa = PBXBuildFile; fileRef = 5258BAC92993C05B00814796 /* LaunchScreen.storyboard */; };
		5258BAD62993C05B00814796 /* GearCollectionAppTests.swift in Sources */ = {isa = PBXBuildFile; fileRef = 5258BAD52993C05B00814796 /* GearCollectionAppTests.swift */; };
		5258BAE02993C05B00814796 /* GearCollectionAppUITests.swift in Sources */ = {isa = PBXBuildFile; fileRef = 5258BADF2993C05B00814796 /* GearCollectionAppUITests.swift */; };
		5258BAE22993C05B00814796 /* GearCollectionAppUITestsLaunchTests.swift in Sources */ = {isa = PBXBuildFile; fileRef = 5258BAE12993C05B00814796 /* GearCollectionAppUITestsLaunchTests.swift */; };
		52C0E1A7299BBA9800503EF4 /* GearTypeModel.swift in Sources */ = {isa = PBXBuildFile; fileRef = 52C0E1A6299BBA9800503EF4 /* GearTypeModel.swift */; };
		52C0E1A9299FA80C00503EF4 /* AllViewController.swift in Sources */ = {isa = PBXBuildFile; fileRef = 52C0E1A8299FA80C00503EF4 /* AllViewController.swift */; };
		52C0E1AB299FA8AE00503EF4 /* TentAndTarpViewController.swift in Sources */ = {isa = PBXBuildFile; fileRef = 52C0E1AA299FA8AE00503EF4 /* TentAndTarpViewController.swift */; };
		52C0E1AE29A10A8700503EF4 /* TableAndChairViewController.swift in Sources */ = {isa = PBXBuildFile; fileRef = 52C0E1AD29A10A8700503EF4 /* TableAndChairViewController.swift */; };
		52C0E1B029A10AA200503EF4 /* FireViewController.swift in Sources */ = {isa = PBXBuildFile; fileRef = 52C0E1AF29A10AA200503EF4 /* FireViewController.swift */; };
		52C0E1B229A10AD200503EF4 /* KitchenAndTablewearViewController.swift in Sources */ = {isa = PBXBuildFile; fileRef = 52C0E1B129A10AD200503EF4 /* KitchenAndTablewearViewController.swift */; };
		52C0E1B429A10AEB00503EF4 /* SleepingViewController.swift in Sources */ = {isa = PBXBuildFile; fileRef = 52C0E1B329A10AEB00503EF4 /* SleepingViewController.swift */; };
		52C0E1B629A10B0200503EF4 /* OtherViewController.swift in Sources */ = {isa = PBXBuildFile; fileRef = 52C0E1B529A10B0200503EF4 /* OtherViewController.swift */; };
		52C0E1BF29A4E8C100503EF4 /* AllTableViewCell.swift in Sources */ = {isa = PBXBuildFile; fileRef = 52C0E1BD29A4E8C100503EF4 /* AllTableViewCell.swift */; };
		52C0E1C029A4E8C100503EF4 /* AllTableViewCell.xib in Resources */ = {isa = PBXBuildFile; fileRef = 52C0E1BE29A4E8C100503EF4 /* AllTableViewCell.xib */; };
		52C0E1C229A6FF1300503EF4 /* GearDetailViewController.swift in Sources */ = {isa = PBXBuildFile; fileRef = 52C0E1C129A6FF1300503EF4 /* GearDetailViewController.swift */; };
		8DA54EF818685379A91037AC /* Pods_GearCollectionAppTests.framework in Frameworks */ = {isa = PBXBuildFile; fileRef = 1919560782DADAC9C9A14D01 /* Pods_GearCollectionAppTests.framework */; };
/* End PBXBuildFile section */

/* Begin PBXContainerItemProxy section */
		5258BAD22993C05B00814796 /* PBXContainerItemProxy */ = {
			isa = PBXContainerItemProxy;
			containerPortal = 5258BAB32993C05A00814796 /* Project object */;
			proxyType = 1;
			remoteGlobalIDString = 5258BABA2993C05A00814796;
			remoteInfo = GearCollectionApp;
		};
		5258BADC2993C05B00814796 /* PBXContainerItemProxy */ = {
			isa = PBXContainerItemProxy;
			containerPortal = 5258BAB32993C05A00814796 /* Project object */;
			proxyType = 1;
			remoteGlobalIDString = 5258BABA2993C05A00814796;
			remoteInfo = GearCollectionApp;
		};
/* End PBXContainerItemProxy section */

/* Begin PBXFileReference section */
		1919560782DADAC9C9A14D01 /* Pods_GearCollectionAppTests.framework */ = {isa = PBXFileReference; explicitFileType = wrapper.framework; includeInIndex = 0; path = Pods_GearCollectionAppTests.framework; sourceTree = BUILT_PRODUCTS_DIR; };
		269C8380CC2741CEF78946BB /* Pods-GearCollectionAppTests.debug.xcconfig */ = {isa = PBXFileReference; includeInIndex = 1; lastKnownFileType = text.xcconfig; name = "Pods-GearCollectionAppTests.debug.xcconfig"; path = "Target Support Files/Pods-GearCollectionAppTests/Pods-GearCollectionAppTests.debug.xcconfig"; sourceTree = "<group>"; };
		523E8E112997909B00BC6C15 /* CollectionViewCell.swift */ = {isa = PBXFileReference; lastKnownFileType = sourcecode.swift; path = CollectionViewCell.swift; sourceTree = "<group>"; };
		523E8E122997909B00BC6C15 /* CollectionViewCell.xib */ = {isa = PBXFileReference; lastKnownFileType = file.xib; path = CollectionViewCell.xib; sourceTree = "<group>"; };
		523E8E172999035700BC6C15 /* GearDataModel.swift */ = {isa = PBXFileReference; lastKnownFileType = sourcecode.swift; path = GearDataModel.swift; sourceTree = "<group>"; };
		5258BABB2993C05A00814796 /* GearCollectionApp.app */ = {isa = PBXFileReference; explicitFileType = wrapper.application; includeInIndex = 0; path = GearCollectionApp.app; sourceTree = BUILT_PRODUCTS_DIR; };
		5258BABE2993C05A00814796 /* AppDelegate.swift */ = {isa = PBXFileReference; lastKnownFileType = sourcecode.swift; path = AppDelegate.swift; sourceTree = "<group>"; };
		5258BAC02993C05A00814796 /* SceneDelegate.swift */ = {isa = PBXFileReference; lastKnownFileType = sourcecode.swift; path = SceneDelegate.swift; sourceTree = "<group>"; };
		5258BAC22993C05A00814796 /* ViewController.swift */ = {isa = PBXFileReference; lastKnownFileType = sourcecode.swift; path = ViewController.swift; sourceTree = "<group>"; };
		5258BAC52993C05A00814796 /* Base */ = {isa = PBXFileReference; lastKnownFileType = file.storyboard; name = Base; path = Base.lproj/Main.storyboard; sourceTree = "<group>"; };
		5258BAC72993C05B00814796 /* Assets.xcassets */ = {isa = PBXFileReference; lastKnownFileType = folder.assetcatalog; path = Assets.xcassets; sourceTree = "<group>"; };
		5258BACA2993C05B00814796 /* Base */ = {isa = PBXFileReference; lastKnownFileType = file.storyboard; name = Base; path = Base.lproj/LaunchScreen.storyboard; sourceTree = "<group>"; };
		5258BACC2993C05B00814796 /* Info.plist */ = {isa = PBXFileReference; lastKnownFileType = text.plist.xml; path = Info.plist; sourceTree = "<group>"; };
		5258BAD12993C05B00814796 /* GearCollectionAppTests.xctest */ = {isa = PBXFileReference; explicitFileType = wrapper.cfbundle; includeInIndex = 0; path = GearCollectionAppTests.xctest; sourceTree = BUILT_PRODUCTS_DIR; };
		5258BAD52993C05B00814796 /* GearCollectionAppTests.swift */ = {isa = PBXFileReference; lastKnownFileType = sourcecode.swift; path = GearCollectionAppTests.swift; sourceTree = "<group>"; };
		5258BADB2993C05B00814796 /* GearCollectionAppUITests.xctest */ = {isa = PBXFileReference; explicitFileType = wrapper.cfbundle; includeInIndex = 0; path = GearCollectionAppUITests.xctest; sourceTree = BUILT_PRODUCTS_DIR; };
		5258BADF2993C05B00814796 /* GearCollectionAppUITests.swift */ = {isa = PBXFileReference; lastKnownFileType = sourcecode.swift; path = GearCollectionAppUITests.swift; sourceTree = "<group>"; };
		5258BAE12993C05B00814796 /* GearCollectionAppUITestsLaunchTests.swift */ = {isa = PBXFileReference; lastKnownFileType = sourcecode.swift; path = GearCollectionAppUITestsLaunchTests.swift; sourceTree = "<group>"; };
		52C0E1A6299BBA9800503EF4 /* GearTypeModel.swift */ = {isa = PBXFileReference; lastKnownFileType = sourcecode.swift; path = GearTypeModel.swift; sourceTree = "<group>"; };
		52C0E1A8299FA80C00503EF4 /* AllViewController.swift */ = {isa = PBXFileReference; lastKnownFileType = sourcecode.swift; path = AllViewController.swift; sourceTree = "<group>"; };
		52C0E1AA299FA8AE00503EF4 /* TentAndTarpViewController.swift */ = {isa = PBXFileReference; lastKnownFileType = sourcecode.swift; path = TentAndTarpViewController.swift; sourceTree = "<group>"; };
		52C0E1AD29A10A8700503EF4 /* TableAndChairViewController.swift */ = {isa = PBXFileReference; lastKnownFileType = sourcecode.swift; path = TableAndChairViewController.swift; sourceTree = "<group>"; };
		52C0E1AF29A10AA200503EF4 /* FireViewController.swift */ = {isa = PBXFileReference; lastKnownFileType = sourcecode.swift; path = FireViewController.swift; sourceTree = "<group>"; };
		52C0E1B129A10AD200503EF4 /* KitchenAndTablewearViewController.swift */ = {isa = PBXFileReference; lastKnownFileType = sourcecode.swift; path = KitchenAndTablewearViewController.swift; sourceTree = "<group>"; };
		52C0E1B329A10AEB00503EF4 /* SleepingViewController.swift */ = {isa = PBXFileReference; lastKnownFileType = sourcecode.swift; path = SleepingViewController.swift; sourceTree = "<group>"; };
		52C0E1B529A10B0200503EF4 /* OtherViewController.swift */ = {isa = PBXFileReference; lastKnownFileType = sourcecode.swift; path = OtherViewController.swift; sourceTree = "<group>"; };
		52C0E1BD29A4E8C100503EF4 /* AllTableViewCell.swift */ = {isa = PBXFileReference; lastKnownFileType = sourcecode.swift; path = AllTableViewCell.swift; sourceTree = "<group>"; };
		52C0E1BE29A4E8C100503EF4 /* AllTableViewCell.xib */ = {isa = PBXFileReference; lastKnownFileType = file.xib; path = AllTableViewCell.xib; sourceTree = "<group>"; };
		52C0E1C129A6FF1300503EF4 /* GearDetailViewController.swift */ = {isa = PBXFileReference; lastKnownFileType = sourcecode.swift; path = GearDetailViewController.swift; sourceTree = "<group>"; };
		70B4CC14D66D1A43515DB736 /* Pods_GearCollectionApp_GearCollectionAppUITests.framework */ = {isa = PBXFileReference; explicitFileType = wrapper.framework; includeInIndex = 0; path = Pods_GearCollectionApp_GearCollectionAppUITests.framework; sourceTree = BUILT_PRODUCTS_DIR; };
		77A92AE29DAD98A566632868 /* Pods_GearCollectionApp.framework */ = {isa = PBXFileReference; explicitFileType = wrapper.framework; includeInIndex = 0; path = Pods_GearCollectionApp.framework; sourceTree = BUILT_PRODUCTS_DIR; };
		7EBDB57B207869E088EECF10 /* Pods-GearCollectionApp-GearCollectionAppUITests.release.xcconfig */ = {isa = PBXFileReference; includeInIndex = 1; lastKnownFileType = text.xcconfig; name = "Pods-GearCollectionApp-GearCollectionAppUITests.release.xcconfig"; path = "Target Support Files/Pods-GearCollectionApp-GearCollectionAppUITests/Pods-GearCollectionApp-GearCollectionAppUITests.release.xcconfig"; sourceTree = "<group>"; };
		ADF9D036A869BD0FB3BF3276 /* Pods-GearCollectionApp.release.xcconfig */ = {isa = PBXFileReference; includeInIndex = 1; lastKnownFileType = text.xcconfig; name = "Pods-GearCollectionApp.release.xcconfig"; path = "Target Support Files/Pods-GearCollectionApp/Pods-GearCollectionApp.release.xcconfig"; sourceTree = "<group>"; };
		CC8E0AB3B031F9372CD39A46 /* Pods-GearCollectionApp.debug.xcconfig */ = {isa = PBXFileReference; includeInIndex = 1; lastKnownFileType = text.xcconfig; name = "Pods-GearCollectionApp.debug.xcconfig"; path = "Target Support Files/Pods-GearCollectionApp/Pods-GearCollectionApp.debug.xcconfig"; sourceTree = "<group>"; };
		D28FD584423ECE281A19E61D /* Pods-GearCollectionApp-GearCollectionAppUITests.debug.xcconfig */ = {isa = PBXFileReference; includeInIndex = 1; lastKnownFileType = text.xcconfig; name = "Pods-GearCollectionApp-GearCollectionAppUITests.debug.xcconfig"; path = "Target Support Files/Pods-GearCollectionApp-GearCollectionAppUITests/Pods-GearCollectionApp-GearCollectionAppUITests.debug.xcconfig"; sourceTree = "<group>"; };
		E3C16A17A0A1A0DD44D32D61 /* Pods-GearCollectionAppTests.release.xcconfig */ = {isa = PBXFileReference; includeInIndex = 1; lastKnownFileType = text.xcconfig; name = "Pods-GearCollectionAppTests.release.xcconfig"; path = "Target Support Files/Pods-GearCollectionAppTests/Pods-GearCollectionAppTests.release.xcconfig"; sourceTree = "<group>"; };
/* End PBXFileReference section */

/* Begin PBXFrameworksBuildPhase section */
		5258BAB82993C05A00814796 /* Frameworks */ = {
			isa = PBXFrameworksBuildPhase;
			buildActionMask = 2147483647;
			files = (
				30F5A4D2D5931DE1C8C50322 /* Pods_GearCollectionApp.framework in Frameworks */,
			);
			runOnlyForDeploymentPostprocessing = 0;
		};
		5258BACE2993C05B00814796 /* Frameworks */ = {
			isa = PBXFrameworksBuildPhase;
			buildActionMask = 2147483647;
			files = (
				8DA54EF818685379A91037AC /* Pods_GearCollectionAppTests.framework in Frameworks */,
			);
			runOnlyForDeploymentPostprocessing = 0;
		};
		5258BAD82993C05B00814796 /* Frameworks */ = {
			isa = PBXFrameworksBuildPhase;
			buildActionMask = 2147483647;
			files = (
				14324252244D355B83816551 /* Pods_GearCollectionApp_GearCollectionAppUITests.framework in Frameworks */,
			);
			runOnlyForDeploymentPostprocessing = 0;
		};
/* End PBXFrameworksBuildPhase section */

/* Begin PBXGroup section */
		18FF06C7526E97EF90F9C4C2 /* Pods */ = {
			isa = PBXGroup;
			children = (
				CC8E0AB3B031F9372CD39A46 /* Pods-GearCollectionApp.debug.xcconfig */,
				ADF9D036A869BD0FB3BF3276 /* Pods-GearCollectionApp.release.xcconfig */,
				D28FD584423ECE281A19E61D /* Pods-GearCollectionApp-GearCollectionAppUITests.debug.xcconfig */,
				7EBDB57B207869E088EECF10 /* Pods-GearCollectionApp-GearCollectionAppUITests.release.xcconfig */,
				269C8380CC2741CEF78946BB /* Pods-GearCollectionAppTests.debug.xcconfig */,
				E3C16A17A0A1A0DD44D32D61 /* Pods-GearCollectionAppTests.release.xcconfig */,
			);
			path = Pods;
			sourceTree = "<group>";
		};
		2DFA56771370CDE1006D9E5B /* Frameworks */ = {
			isa = PBXGroup;
			children = (
				77A92AE29DAD98A566632868 /* Pods_GearCollectionApp.framework */,
				70B4CC14D66D1A43515DB736 /* Pods_GearCollectionApp_GearCollectionAppUITests.framework */,
				1919560782DADAC9C9A14D01 /* Pods_GearCollectionAppTests.framework */,
			);
			name = Frameworks;
			sourceTree = "<group>";
		};
		5258BAB22993C05A00814796 = {
			isa = PBXGroup;
			children = (
				5258BABD2993C05A00814796 /* GearCollectionApp */,
				5258BAD42993C05B00814796 /* GearCollectionAppTests */,
				5258BADE2993C05B00814796 /* GearCollectionAppUITests */,
				5258BABC2993C05A00814796 /* Products */,
				18FF06C7526E97EF90F9C4C2 /* Pods */,
				2DFA56771370CDE1006D9E5B /* Frameworks */,
			);
			sourceTree = "<group>";
		};
		5258BABC2993C05A00814796 /* Products */ = {
			isa = PBXGroup;
			children = (
				5258BABB2993C05A00814796 /* GearCollectionApp.app */,
				5258BAD12993C05B00814796 /* GearCollectionAppTests.xctest */,
				5258BADB2993C05B00814796 /* GearCollectionAppUITests.xctest */,
			);
			name = Products;
			sourceTree = "<group>";
		};
		5258BABD2993C05A00814796 /* GearCollectionApp */ = {
			isa = PBXGroup;
			children = (
				5258BABE2993C05A00814796 /* AppDelegate.swift */,
				5258BAC02993C05A00814796 /* SceneDelegate.swift */,
				52C0E1B829A3ABE400503EF4 /* VC */,
				52C0E1BA29A3AC3E00503EF4 /* Cell */,
				52C0E1BC29A3AC8A00503EF4 /* Storyboard */,
				5258BAC72993C05B00814796 /* Assets.xcassets */,
				5258BACC2993C05B00814796 /* Info.plist */,
				523E8E172999035700BC6C15 /* GearDataModel.swift */,
				52C0E1A6299BBA9800503EF4 /* GearTypeModel.swift */,
			);
			path = GearCollectionApp;
			sourceTree = "<group>";
		};
		5258BAD42993C05B00814796 /* GearCollectionAppTests */ = {
			isa = PBXGroup;
			children = (
				5258BAD52993C05B00814796 /* GearCollectionAppTests.swift */,
			);
			path = GearCollectionAppTests;
			sourceTree = "<group>";
		};
		5258BADE2993C05B00814796 /* GearCollectionAppUITests */ = {
			isa = PBXGroup;
			children = (
				5258BADF2993C05B00814796 /* GearCollectionAppUITests.swift */,
				5258BAE12993C05B00814796 /* GearCollectionAppUITestsLaunchTests.swift */,
			);
			path = GearCollectionAppUITests;
			sourceTree = "<group>";
		};
		52C0E1B829A3ABE400503EF4 /* VC */ = {
			isa = PBXGroup;
			children = (
				5258BAC22993C05A00814796 /* ViewController.swift */,
				52C0E1A8299FA80C00503EF4 /* AllViewController.swift */,
				52C0E1AA299FA8AE00503EF4 /* TentAndTarpViewController.swift */,
				52C0E1AD29A10A8700503EF4 /* TableAndChairViewController.swift */,
				52C0E1AF29A10AA200503EF4 /* FireViewController.swift */,
				52C0E1B129A10AD200503EF4 /* KitchenAndTablewearViewController.swift */,
				52C0E1B329A10AEB00503EF4 /* SleepingViewController.swift */,
				52C0E1B529A10B0200503EF4 /* OtherViewController.swift */,
				52C0E1C129A6FF1300503EF4 /* GearDetailViewController.swift */,
			);
			name = VC;
			sourceTree = "<group>";
		};
		52C0E1BA29A3AC3E00503EF4 /* Cell */ = {
			isa = PBXGroup;
			children = (
				523E8E112997909B00BC6C15 /* CollectionViewCell.swift */,
				523E8E122997909B00BC6C15 /* CollectionViewCell.xib */,
				52C0E1BD29A4E8C100503EF4 /* AllTableViewCell.swift */,
				52C0E1BE29A4E8C100503EF4 /* AllTableViewCell.xib */,
			);
			path = Cell;
			sourceTree = "<group>";
		};
		52C0E1BC29A3AC8A00503EF4 /* Storyboard */ = {
			isa = PBXGroup;
			children = (
				5258BAC42993C05A00814796 /* Main.storyboard */,
				5258BAC92993C05B00814796 /* LaunchScreen.storyboard */,
			);
			path = Storyboard;
			sourceTree = "<group>";
		};
/* End PBXGroup section */

/* Begin PBXNativeTarget section */
		5258BABA2993C05A00814796 /* GearCollectionApp */ = {
			isa = PBXNativeTarget;
			buildConfigurationList = 5258BAE52993C05B00814796 /* Build configuration list for PBXNativeTarget "GearCollectionApp" */;
			buildPhases = (
				41D91A6FF5E945B6E125D690 /* [CP] Check Pods Manifest.lock */,
				5258BAB72993C05A00814796 /* Sources */,
				5258BAB82993C05A00814796 /* Frameworks */,
				5258BAB92993C05A00814796 /* Resources */,
				21F6E5479C53A912B520D12D /* [CP] Embed Pods Frameworks */,
			);
			buildRules = (
			);
			dependencies = (
			);
			name = GearCollectionApp;
			productName = GearCollectionApp;
			productReference = 5258BABB2993C05A00814796 /* GearCollectionApp.app */;
			productType = "com.apple.product-type.application";
		};
		5258BAD02993C05B00814796 /* GearCollectionAppTests */ = {
			isa = PBXNativeTarget;
			buildConfigurationList = 5258BAE82993C05B00814796 /* Build configuration list for PBXNativeTarget "GearCollectionAppTests" */;
			buildPhases = (
				D97AD614BBB99CD784E9625C /* [CP] Check Pods Manifest.lock */,
				5258BACD2993C05B00814796 /* Sources */,
				5258BACE2993C05B00814796 /* Frameworks */,
				5258BACF2993C05B00814796 /* Resources */,
			);
			buildRules = (
			);
			dependencies = (
				5258BAD32993C05B00814796 /* PBXTargetDependency */,
			);
			name = GearCollectionAppTests;
			productName = GearCollectionAppTests;
			productReference = 5258BAD12993C05B00814796 /* GearCollectionAppTests.xctest */;
			productType = "com.apple.product-type.bundle.unit-test";
		};
		5258BADA2993C05B00814796 /* GearCollectionAppUITests */ = {
			isa = PBXNativeTarget;
			buildConfigurationList = 5258BAEB2993C05B00814796 /* Build configuration list for PBXNativeTarget "GearCollectionAppUITests" */;
			buildPhases = (
				FD743D0465AD8F09228C1B8C /* [CP] Check Pods Manifest.lock */,
				5258BAD72993C05B00814796 /* Sources */,
				5258BAD82993C05B00814796 /* Frameworks */,
				5258BAD92993C05B00814796 /* Resources */,
				6511DDDEB88B73CCA3842ACC /* [CP] Embed Pods Frameworks */,
			);
			buildRules = (
			);
			dependencies = (
				5258BADD2993C05B00814796 /* PBXTargetDependency */,
			);
			name = GearCollectionAppUITests;
			productName = GearCollectionAppUITests;
			productReference = 5258BADB2993C05B00814796 /* GearCollectionAppUITests.xctest */;
			productType = "com.apple.product-type.bundle.ui-testing";
		};
/* End PBXNativeTarget section */

/* Begin PBXProject section */
		5258BAB32993C05A00814796 /* Project object */ = {
			isa = PBXProject;
			attributes = {
				BuildIndependentTargetsInParallel = 1;
				LastSwiftUpdateCheck = 1420;
				LastUpgradeCheck = 1420;
				TargetAttributes = {
					5258BABA2993C05A00814796 = {
						CreatedOnToolsVersion = 14.2;
					};
					5258BAD02993C05B00814796 = {
						CreatedOnToolsVersion = 14.2;
						TestTargetID = 5258BABA2993C05A00814796;
					};
					5258BADA2993C05B00814796 = {
						CreatedOnToolsVersion = 14.2;
						TestTargetID = 5258BABA2993C05A00814796;
					};
				};
			};
			buildConfigurationList = 5258BAB62993C05A00814796 /* Build configuration list for PBXProject "GearCollectionApp" */;
			compatibilityVersion = "Xcode 14.0";
			developmentRegion = en;
			hasScannedForEncodings = 0;
			knownRegions = (
				en,
				Base,
			);
			mainGroup = 5258BAB22993C05A00814796;
			productRefGroup = 5258BABC2993C05A00814796 /* Products */;
			projectDirPath = "";
			projectRoot = "";
			targets = (
				5258BABA2993C05A00814796 /* GearCollectionApp */,
				5258BAD02993C05B00814796 /* GearCollectionAppTests */,
				5258BADA2993C05B00814796 /* GearCollectionAppUITests */,
			);
		};
/* End PBXProject section */

/* Begin PBXResourcesBuildPhase section */
		5258BAB92993C05A00814796 /* Resources */ = {
			isa = PBXResourcesBuildPhase;
			buildActionMask = 2147483647;
			files = (
				5258BACB2993C05B00814796 /* LaunchScreen.storyboard in Resources */,
				5258BAC82993C05B00814796 /* Assets.xcassets in Resources */,
				52C0E1C029A4E8C100503EF4 /* AllTableViewCell.xib in Resources */,
				523E8E142997909B00BC6C15 /* CollectionViewCell.xib in Resources */,
				5258BAC62993C05A00814796 /* Main.storyboard in Resources */,
			);
			runOnlyForDeploymentPostprocessing = 0;
		};
		5258BACF2993C05B00814796 /* Resources */ = {
			isa = PBXResourcesBuildPhase;
			buildActionMask = 2147483647;
			files = (
			);
			runOnlyForDeploymentPostprocessing = 0;
		};
		5258BAD92993C05B00814796 /* Resources */ = {
			isa = PBXResourcesBuildPhase;
			buildActionMask = 2147483647;
			files = (
			);
			runOnlyForDeploymentPostprocessing = 0;
		};
/* End PBXResourcesBuildPhase section */

/* Begin PBXShellScriptBuildPhase section */
		21F6E5479C53A912B520D12D /* [CP] Embed Pods Frameworks */ = {
			isa = PBXShellScriptBuildPhase;
			buildActionMask = 2147483647;
			files = (
			);
			inputFileListPaths = (
				"${PODS_ROOT}/Target Support Files/Pods-GearCollectionApp/Pods-GearCollectionApp-frameworks-${CONFIGURATION}-input-files.xcfilelist",
			);
			name = "[CP] Embed Pods Frameworks";
			outputFileListPaths = (
				"${PODS_ROOT}/Target Support Files/Pods-GearCollectionApp/Pods-GearCollectionApp-frameworks-${CONFIGURATION}-output-files.xcfilelist",
			);
			runOnlyForDeploymentPostprocessing = 0;
			shellPath = /bin/sh;
			shellScript = "\"${PODS_ROOT}/Target Support Files/Pods-GearCollectionApp/Pods-GearCollectionApp-frameworks.sh\"\n";
			showEnvVarsInLog = 0;
		};
		41D91A6FF5E945B6E125D690 /* [CP] Check Pods Manifest.lock */ = {
			isa = PBXShellScriptBuildPhase;
			buildActionMask = 2147483647;
			files = (
			);
			inputFileListPaths = (
			);
			inputPaths = (
				"${PODS_PODFILE_DIR_PATH}/Podfile.lock",
				"${PODS_ROOT}/Manifest.lock",
			);
			name = "[CP] Check Pods Manifest.lock";
			outputFileListPaths = (
			);
			outputPaths = (
				"$(DERIVED_FILE_DIR)/Pods-GearCollectionApp-checkManifestLockResult.txt",
			);
			runOnlyForDeploymentPostprocessing = 0;
			shellPath = /bin/sh;
			shellScript = "diff \"${PODS_PODFILE_DIR_PATH}/Podfile.lock\" \"${PODS_ROOT}/Manifest.lock\" > /dev/null\nif [ $? != 0 ] ; then\n    # print error to STDERR\n    echo \"error: The sandbox is not in sync with the Podfile.lock. Run 'pod install' or update your CocoaPods installation.\" >&2\n    exit 1\nfi\n# This output is used by Xcode 'outputs' to avoid re-running this script phase.\necho \"SUCCESS\" > \"${SCRIPT_OUTPUT_FILE_0}\"\n";
			showEnvVarsInLog = 0;
		};
		6511DDDEB88B73CCA3842ACC /* [CP] Embed Pods Frameworks */ = {
			isa = PBXShellScriptBuildPhase;
			buildActionMask = 2147483647;
			files = (
			);
			inputFileListPaths = (
				"${PODS_ROOT}/Target Support Files/Pods-GearCollectionApp-GearCollectionAppUITests/Pods-GearCollectionApp-GearCollectionAppUITests-frameworks-${CONFIGURATION}-input-files.xcfilelist",
			);
			name = "[CP] Embed Pods Frameworks";
			outputFileListPaths = (
				"${PODS_ROOT}/Target Support Files/Pods-GearCollectionApp-GearCollectionAppUITests/Pods-GearCollectionApp-GearCollectionAppUITests-frameworks-${CONFIGURATION}-output-files.xcfilelist",
			);
			runOnlyForDeploymentPostprocessing = 0;
			shellPath = /bin/sh;
			shellScript = "\"${PODS_ROOT}/Target Support Files/Pods-GearCollectionApp-GearCollectionAppUITests/Pods-GearCollectionApp-GearCollectionAppUITests-frameworks.sh\"\n";
			showEnvVarsInLog = 0;
		};
		D97AD614BBB99CD784E9625C /* [CP] Check Pods Manifest.lock */ = {
			isa = PBXShellScriptBuildPhase;
			buildActionMask = 2147483647;
			files = (
			);
			inputFileListPaths = (
			);
			inputPaths = (
				"${PODS_PODFILE_DIR_PATH}/Podfile.lock",
				"${PODS_ROOT}/Manifest.lock",
			);
			name = "[CP] Check Pods Manifest.lock";
			outputFileListPaths = (
			);
			outputPaths = (
				"$(DERIVED_FILE_DIR)/Pods-GearCollectionAppTests-checkManifestLockResult.txt",
			);
			runOnlyForDeploymentPostprocessing = 0;
			shellPath = /bin/sh;
			shellScript = "diff \"${PODS_PODFILE_DIR_PATH}/Podfile.lock\" \"${PODS_ROOT}/Manifest.lock\" > /dev/null\nif [ $? != 0 ] ; then\n    # print error to STDERR\n    echo \"error: The sandbox is not in sync with the Podfile.lock. Run 'pod install' or update your CocoaPods installation.\" >&2\n    exit 1\nfi\n# This output is used by Xcode 'outputs' to avoid re-running this script phase.\necho \"SUCCESS\" > \"${SCRIPT_OUTPUT_FILE_0}\"\n";
			showEnvVarsInLog = 0;
		};
		FD743D0465AD8F09228C1B8C /* [CP] Check Pods Manifest.lock */ = {
			isa = PBXShellScriptBuildPhase;
			buildActionMask = 2147483647;
			files = (
			);
			inputFileListPaths = (
			);
			inputPaths = (
				"${PODS_PODFILE_DIR_PATH}/Podfile.lock",
				"${PODS_ROOT}/Manifest.lock",
			);
			name = "[CP] Check Pods Manifest.lock";
			outputFileListPaths = (
			);
			outputPaths = (
				"$(DERIVED_FILE_DIR)/Pods-GearCollectionApp-GearCollectionAppUITests-checkManifestLockResult.txt",
			);
			runOnlyForDeploymentPostprocessing = 0;
			shellPath = /bin/sh;
			shellScript = "diff \"${PODS_PODFILE_DIR_PATH}/Podfile.lock\" \"${PODS_ROOT}/Manifest.lock\" > /dev/null\nif [ $? != 0 ] ; then\n    # print error to STDERR\n    echo \"error: The sandbox is not in sync with the Podfile.lock. Run 'pod install' or update your CocoaPods installation.\" >&2\n    exit 1\nfi\n# This output is used by Xcode 'outputs' to avoid re-running this script phase.\necho \"SUCCESS\" > \"${SCRIPT_OUTPUT_FILE_0}\"\n";
			showEnvVarsInLog = 0;
		};
/* End PBXShellScriptBuildPhase section */

/* Begin PBXSourcesBuildPhase section */
		5258BAB72993C05A00814796 /* Sources */ = {
			isa = PBXSourcesBuildPhase;
			buildActionMask = 2147483647;
			files = (
				52C0E1B029A10AA200503EF4 /* FireViewController.swift in Sources */,
				52C0E1B629A10B0200503EF4 /* OtherViewController.swift in Sources */,
				52C0E1C229A6FF1300503EF4 /* GearDetailViewController.swift in Sources */,
				52C0E1B429A10AEB00503EF4 /* SleepingViewController.swift in Sources */,
				52C0E1BF29A4E8C100503EF4 /* AllTableViewCell.swift in Sources */,
				52C0E1A9299FA80C00503EF4 /* AllViewController.swift in Sources */,
				52C0E1A7299BBA9800503EF4 /* GearTypeModel.swift in Sources */,
				5258BAC32993C05A00814796 /* ViewController.swift in Sources */,
				5258BABF2993C05A00814796 /* AppDelegate.swift in Sources */,
				523E8E132997909B00BC6C15 /* CollectionViewCell.swift in Sources */,
				5258BAC12993C05A00814796 /* SceneDelegate.swift in Sources */,
				52C0E1AB299FA8AE00503EF4 /* TentAndTarpViewController.swift in Sources */,
				52C0E1AE29A10A8700503EF4 /* TableAndChairViewController.swift in Sources */,
				52C0E1B229A10AD200503EF4 /* KitchenAndTablewearViewController.swift in Sources */,
				523E8E182999035700BC6C15 /* GearDataModel.swift in Sources */,
			);
			runOnlyForDeploymentPostprocessing = 0;
		};
		5258BACD2993C05B00814796 /* Sources */ = {
			isa = PBXSourcesBuildPhase;
			buildActionMask = 2147483647;
			files = (
				5258BAD62993C05B00814796 /* GearCollectionAppTests.swift in Sources */,
			);
			runOnlyForDeploymentPostprocessing = 0;
		};
		5258BAD72993C05B00814796 /* Sources */ = {
			isa = PBXSourcesBuildPhase;
			buildActionMask = 2147483647;
			files = (
				5258BAE02993C05B00814796 /* GearCollectionAppUITests.swift in Sources */,
				5258BAE22993C05B00814796 /* GearCollectionAppUITestsLaunchTests.swift in Sources */,
			);
			runOnlyForDeploymentPostprocessing = 0;
		};
/* End PBXSourcesBuildPhase section */

/* Begin PBXTargetDependency section */
		5258BAD32993C05B00814796 /* PBXTargetDependency */ = {
			isa = PBXTargetDependency;
			target = 5258BABA2993C05A00814796 /* GearCollectionApp */;
			targetProxy = 5258BAD22993C05B00814796 /* PBXContainerItemProxy */;
		};
		5258BADD2993C05B00814796 /* PBXTargetDependency */ = {
			isa = PBXTargetDependency;
			target = 5258BABA2993C05A00814796 /* GearCollectionApp */;
			targetProxy = 5258BADC2993C05B00814796 /* PBXContainerItemProxy */;
		};
/* End PBXTargetDependency section */

/* Begin PBXVariantGroup section */
		5258BAC42993C05A00814796 /* Main.storyboard */ = {
			isa = PBXVariantGroup;
			children = (
				5258BAC52993C05A00814796 /* Base */,
			);
			name = Main.storyboard;
			sourceTree = "<group>";
		};
		5258BAC92993C05B00814796 /* LaunchScreen.storyboard */ = {
			isa = PBXVariantGroup;
			children = (
				5258BACA2993C05B00814796 /* Base */,
			);
			name = LaunchScreen.storyboard;
			sourceTree = "<group>";
		};
/* End PBXVariantGroup section */

/* Begin XCBuildConfiguration section */
		5258BAE32993C05B00814796 /* Debug */ = {
			isa = XCBuildConfiguration;
			buildSettings = {
				ALWAYS_SEARCH_USER_PATHS = NO;
				CLANG_ANALYZER_NONNULL = YES;
				CLANG_ANALYZER_NUMBER_OBJECT_CONVERSION = YES_AGGRESSIVE;
				CLANG_CXX_LANGUAGE_STANDARD = "gnu++20";
				CLANG_ENABLE_MODULES = YES;
				CLANG_ENABLE_OBJC_ARC = YES;
				CLANG_ENABLE_OBJC_WEAK = YES;
				CLANG_WARN_BLOCK_CAPTURE_AUTORELEASING = YES;
				CLANG_WARN_BOOL_CONVERSION = YES;
				CLANG_WARN_COMMA = YES;
				CLANG_WARN_CONSTANT_CONVERSION = YES;
				CLANG_WARN_DEPRECATED_OBJC_IMPLEMENTATIONS = YES;
				CLANG_WARN_DIRECT_OBJC_ISA_USAGE = YES_ERROR;
				CLANG_WARN_DOCUMENTATION_COMMENTS = YES;
				CLANG_WARN_EMPTY_BODY = YES;
				CLANG_WARN_ENUM_CONVERSION = YES;
				CLANG_WARN_INFINITE_RECURSION = YES;
				CLANG_WARN_INT_CONVERSION = YES;
				CLANG_WARN_NON_LITERAL_NULL_CONVERSION = YES;
				CLANG_WARN_OBJC_IMPLICIT_RETAIN_SELF = YES;
				CLANG_WARN_OBJC_LITERAL_CONVERSION = YES;
				CLANG_WARN_OBJC_ROOT_CLASS = YES_ERROR;
				CLANG_WARN_QUOTED_INCLUDE_IN_FRAMEWORK_HEADER = YES;
				CLANG_WARN_RANGE_LOOP_ANALYSIS = YES;
				CLANG_WARN_STRICT_PROTOTYPES = YES;
				CLANG_WARN_SUSPICIOUS_MOVE = YES;
				CLANG_WARN_UNGUARDED_AVAILABILITY = YES_AGGRESSIVE;
				CLANG_WARN_UNREACHABLE_CODE = YES;
				CLANG_WARN__DUPLICATE_METHOD_MATCH = YES;
				COPY_PHASE_STRIP = NO;
				DEBUG_INFORMATION_FORMAT = dwarf;
				ENABLE_STRICT_OBJC_MSGSEND = YES;
				ENABLE_TESTABILITY = YES;
				GCC_C_LANGUAGE_STANDARD = gnu11;
				GCC_DYNAMIC_NO_PIC = NO;
				GCC_NO_COMMON_BLOCKS = YES;
				GCC_OPTIMIZATION_LEVEL = 0;
				GCC_PREPROCESSOR_DEFINITIONS = (
					"DEBUG=1",
					"$(inherited)",
				);
				GCC_WARN_64_TO_32_BIT_CONVERSION = YES;
				GCC_WARN_ABOUT_RETURN_TYPE = YES_ERROR;
				GCC_WARN_UNDECLARED_SELECTOR = YES;
				GCC_WARN_UNINITIALIZED_AUTOS = YES_AGGRESSIVE;
				GCC_WARN_UNUSED_FUNCTION = YES;
				GCC_WARN_UNUSED_VARIABLE = YES;
				IPHONEOS_DEPLOYMENT_TARGET = 16.2;
				MTL_ENABLE_DEBUG_INFO = INCLUDE_SOURCE;
				MTL_FAST_MATH = YES;
				ONLY_ACTIVE_ARCH = YES;
				SDKROOT = iphoneos;
				SWIFT_ACTIVE_COMPILATION_CONDITIONS = DEBUG;
				SWIFT_OPTIMIZATION_LEVEL = "-Onone";
			};
			name = Debug;
		};
		5258BAE42993C05B00814796 /* Release */ = {
			isa = XCBuildConfiguration;
			buildSettings = {
				ALWAYS_SEARCH_USER_PATHS = NO;
				CLANG_ANALYZER_NONNULL = YES;
				CLANG_ANALYZER_NUMBER_OBJECT_CONVERSION = YES_AGGRESSIVE;
				CLANG_CXX_LANGUAGE_STANDARD = "gnu++20";
				CLANG_ENABLE_MODULES = YES;
				CLANG_ENABLE_OBJC_ARC = YES;
				CLANG_ENABLE_OBJC_WEAK = YES;
				CLANG_WARN_BLOCK_CAPTURE_AUTORELEASING = YES;
				CLANG_WARN_BOOL_CONVERSION = YES;
				CLANG_WARN_COMMA = YES;
				CLANG_WARN_CONSTANT_CONVERSION = YES;
				CLANG_WARN_DEPRECATED_OBJC_IMPLEMENTATIONS = YES;
				CLANG_WARN_DIRECT_OBJC_ISA_USAGE = YES_ERROR;
				CLANG_WARN_DOCUMENTATION_COMMENTS = YES;
				CLANG_WARN_EMPTY_BODY = YES;
				CLANG_WARN_ENUM_CONVERSION = YES;
				CLANG_WARN_INFINITE_RECURSION = YES;
				CLANG_WARN_INT_CONVERSION = YES;
				CLANG_WARN_NON_LITERAL_NULL_CONVERSION = YES;
				CLANG_WARN_OBJC_IMPLICIT_RETAIN_SELF = YES;
				CLANG_WARN_OBJC_LITERAL_CONVERSION = YES;
				CLANG_WARN_OBJC_ROOT_CLASS = YES_ERROR;
				CLANG_WARN_QUOTED_INCLUDE_IN_FRAMEWORK_HEADER = YES;
				CLANG_WARN_RANGE_LOOP_ANALYSIS = YES;
				CLANG_WARN_STRICT_PROTOTYPES = YES;
				CLANG_WARN_SUSPICIOUS_MOVE = YES;
				CLANG_WARN_UNGUARDED_AVAILABILITY = YES_AGGRESSIVE;
				CLANG_WARN_UNREACHABLE_CODE = YES;
				CLANG_WARN__DUPLICATE_METHOD_MATCH = YES;
				COPY_PHASE_STRIP = NO;
				DEBUG_INFORMATION_FORMAT = "dwarf-with-dsym";
				ENABLE_NS_ASSERTIONS = NO;
				ENABLE_STRICT_OBJC_MSGSEND = YES;
				GCC_C_LANGUAGE_STANDARD = gnu11;
				GCC_NO_COMMON_BLOCKS = YES;
				GCC_WARN_64_TO_32_BIT_CONVERSION = YES;
				GCC_WARN_ABOUT_RETURN_TYPE = YES_ERROR;
				GCC_WARN_UNDECLARED_SELECTOR = YES;
				GCC_WARN_UNINITIALIZED_AUTOS = YES_AGGRESSIVE;
				GCC_WARN_UNUSED_FUNCTION = YES;
				GCC_WARN_UNUSED_VARIABLE = YES;
				IPHONEOS_DEPLOYMENT_TARGET = 16.2;
				MTL_ENABLE_DEBUG_INFO = NO;
				MTL_FAST_MATH = YES;
				SDKROOT = iphoneos;
				SWIFT_COMPILATION_MODE = wholemodule;
				SWIFT_OPTIMIZATION_LEVEL = "-O";
				VALIDATE_PRODUCT = YES;
			};
			name = Release;
		};
		5258BAE62993C05B00814796 /* Debug */ = {
			isa = XCBuildConfiguration;
			baseConfigurationReference = CC8E0AB3B031F9372CD39A46 /* Pods-GearCollectionApp.debug.xcconfig */;
			buildSettings = {
				ASSETCATALOG_COMPILER_APPICON_NAME = AppIcon;
				ASSETCATALOG_COMPILER_GLOBAL_ACCENT_COLOR_NAME = AccentColor;
				CODE_SIGN_STYLE = Automatic;
				CURRENT_PROJECT_VERSION = 1;
				DEVELOPMENT_TEAM = X65X2VWL2H;
				GENERATE_INFOPLIST_FILE = YES;
				INFOPLIST_FILE = GearCollectionApp/Info.plist;
				INFOPLIST_KEY_UIApplicationSupportsIndirectInputEvents = YES;
				INFOPLIST_KEY_UILaunchStoryboardName = LaunchScreen.storyboard;
				INFOPLIST_KEY_UIMainStoryboardFile = Main;
				INFOPLIST_KEY_UISupportedInterfaceOrientations_iPad = "UIInterfaceOrientationPortrait UIInterfaceOrientationPortraitUpsideDown UIInterfaceOrientationLandscapeLeft UIInterfaceOrientationLandscapeRight";
				INFOPLIST_KEY_UISupportedInterfaceOrientations_iPhone = "UIInterfaceOrientationPortrait UIInterfaceOrientationLandscapeLeft UIInterfaceOrientationLandscapeRight";
				LD_RUNPATH_SEARCH_PATHS = (
					"$(inherited)",
					"@executable_path/Frameworks",
				);
				MARKETING_VERSION = 1.0;
				PRODUCT_BUNDLE_IDENTIFIER = com.sakamoto.GearCollectionApp;
				PRODUCT_NAME = "$(TARGET_NAME)";
				SWIFT_EMIT_LOC_STRINGS = YES;
				SWIFT_VERSION = 5.0;
				TARGETED_DEVICE_FAMILY = "1,2";
			};
			name = Debug;
		};
		5258BAE72993C05B00814796 /* Release */ = {
			isa = XCBuildConfiguration;
			baseConfigurationReference = ADF9D036A869BD0FB3BF3276 /* Pods-GearCollectionApp.release.xcconfig */;
			buildSettings = {
				ASSETCATALOG_COMPILER_APPICON_NAME = AppIcon;
				ASSETCATALOG_COMPILER_GLOBAL_ACCENT_COLOR_NAME = AccentColor;
				CODE_SIGN_STYLE = Automatic;
				CURRENT_PROJECT_VERSION = 1;
				DEVELOPMENT_TEAM = X65X2VWL2H;
				GENERATE_INFOPLIST_FILE = YES;
				INFOPLIST_FILE = GearCollectionApp/Info.plist;
				INFOPLIST_KEY_UIApplicationSupportsIndirectInputEvents = YES;
				INFOPLIST_KEY_UILaunchStoryboardName = LaunchScreen.storyboard;
				INFOPLIST_KEY_UIMainStoryboardFile = Main;
				INFOPLIST_KEY_UISupportedInterfaceOrientations_iPad = "UIInterfaceOrientationPortrait UIInterfaceOrientationPortraitUpsideDown UIInterfaceOrientationLandscapeLeft UIInterfaceOrientationLandscapeRight";
				INFOPLIST_KEY_UISupportedInterfaceOrientations_iPhone = "UIInterfaceOrientationPortrait UIInterfaceOrientationLandscapeLeft UIInterfaceOrientationLandscapeRight";
				LD_RUNPATH_SEARCH_PATHS = (
					"$(inherited)",
					"@executable_path/Frameworks",
				);
				MARKETING_VERSION = 1.0;
				PRODUCT_BUNDLE_IDENTIFIER = com.sakamoto.GearCollectionApp;
				PRODUCT_NAME = "$(TARGET_NAME)";
				SWIFT_EMIT_LOC_STRINGS = YES;
				SWIFT_VERSION = 5.0;
				TARGETED_DEVICE_FAMILY = "1,2";
			};
			name = Release;
		};
		5258BAE92993C05B00814796 /* Debug */ = {
			isa = XCBuildConfiguration;
			baseConfigurationReference = 269C8380CC2741CEF78946BB /* Pods-GearCollectionAppTests.debug.xcconfig */;
			buildSettings = {
				ALWAYS_EMBED_SWIFT_STANDARD_LIBRARIES = YES;
				BUNDLE_LOADER = "$(TEST_HOST)";
				CODE_SIGN_STYLE = Automatic;
				CURRENT_PROJECT_VERSION = 1;
				DEVELOPMENT_TEAM = X65X2VWL2H;
				GENERATE_INFOPLIST_FILE = YES;
				IPHONEOS_DEPLOYMENT_TARGET = 16.2;
				MARKETING_VERSION = 1.0;
				PRODUCT_BUNDLE_IDENTIFIER = com.sakamoto.GearCollectionAppTests;
				PRODUCT_NAME = "$(TARGET_NAME)";
				SWIFT_EMIT_LOC_STRINGS = NO;
				SWIFT_VERSION = 5.0;
				TARGETED_DEVICE_FAMILY = "1,2";
				TEST_HOST = "$(BUILT_PRODUCTS_DIR)/GearCollectionApp.app/$(BUNDLE_EXECUTABLE_FOLDER_PATH)/GearCollectionApp";
			};
			name = Debug;
		};
		5258BAEA2993C05B00814796 /* Release */ = {
			isa = XCBuildConfiguration;
			baseConfigurationReference = E3C16A17A0A1A0DD44D32D61 /* Pods-GearCollectionAppTests.release.xcconfig */;
			buildSettings = {
				ALWAYS_EMBED_SWIFT_STANDARD_LIBRARIES = YES;
				BUNDLE_LOADER = "$(TEST_HOST)";
				CODE_SIGN_STYLE = Automatic;
				CURRENT_PROJECT_VERSION = 1;
				DEVELOPMENT_TEAM = X65X2VWL2H;
				GENERATE_INFOPLIST_FILE = YES;
				IPHONEOS_DEPLOYMENT_TARGET = 16.2;
				MARKETING_VERSION = 1.0;
				PRODUCT_BUNDLE_IDENTIFIER = com.sakamoto.GearCollectionAppTests;
				PRODUCT_NAME = "$(TARGET_NAME)";
				SWIFT_EMIT_LOC_STRINGS = NO;
				SWIFT_VERSION = 5.0;
				TARGETED_DEVICE_FAMILY = "1,2";
				TEST_HOST = "$(BUILT_PRODUCTS_DIR)/GearCollectionApp.app/$(BUNDLE_EXECUTABLE_FOLDER_PATH)/GearCollectionApp";
			};
			name = Release;
		};
		5258BAEC2993C05B00814796 /* Debug */ = {
			isa = XCBuildConfiguration;
			baseConfigurationReference = D28FD584423ECE281A19E61D /* Pods-GearCollectionApp-GearCollectionAppUITests.debug.xcconfig */;
			buildSettings = {
				ALWAYS_EMBED_SWIFT_STANDARD_LIBRARIES = YES;
				CODE_SIGN_STYLE = Automatic;
				CURRENT_PROJECT_VERSION = 1;
				DEVELOPMENT_TEAM = X65X2VWL2H;
				GENERATE_INFOPLIST_FILE = YES;
				MARKETING_VERSION = 1.0;
				PRODUCT_BUNDLE_IDENTIFIER = com.sakamoto.GearCollectionAppUITests;
				PRODUCT_NAME = "$(TARGET_NAME)";
				SWIFT_EMIT_LOC_STRINGS = NO;
				SWIFT_VERSION = 5.0;
				TARGETED_DEVICE_FAMILY = "1,2";
				TEST_TARGET_NAME = GearCollectionApp;
			};
			name = Debug;
		};
		5258BAED2993C05B00814796 /* Release */ = {
			isa = XCBuildConfiguration;
			baseConfigurationReference = 7EBDB57B207869E088EECF10 /* Pods-GearCollectionApp-GearCollectionAppUITests.release.xcconfig */;
			buildSettings = {
				ALWAYS_EMBED_SWIFT_STANDARD_LIBRARIES = YES;
				CODE_SIGN_STYLE = Automatic;
				CURRENT_PROJECT_VERSION = 1;
				DEVELOPMENT_TEAM = X65X2VWL2H;
				GENERATE_INFOPLIST_FILE = YES;
				MARKETING_VERSION = 1.0;
				PRODUCT_BUNDLE_IDENTIFIER = com.sakamoto.GearCollectionAppUITests;
				PRODUCT_NAME = "$(TARGET_NAME)";
				SWIFT_EMIT_LOC_STRINGS = NO;
				SWIFT_VERSION = 5.0;
				TARGETED_DEVICE_FAMILY = "1,2";
				TEST_TARGET_NAME = GearCollectionApp;
			};
			name = Release;
		};
/* End XCBuildConfiguration section */

/* Begin XCConfigurationList section */
		5258BAB62993C05A00814796 /* Build configuration list for PBXProject "GearCollectionApp" */ = {
			isa = XCConfigurationList;
			buildConfigurations = (
				5258BAE32993C05B00814796 /* Debug */,
				5258BAE42993C05B00814796 /* Release */,
			);
			defaultConfigurationIsVisible = 0;
			defaultConfigurationName = Release;
		};
		5258BAE52993C05B00814796 /* Build configuration list for PBXNativeTarget "GearCollectionApp" */ = {
			isa = XCConfigurationList;
			buildConfigurations = (
				5258BAE62993C05B00814796 /* Debug */,
				5258BAE72993C05B00814796 /* Release */,
			);
			defaultConfigurationIsVisible = 0;
			defaultConfigurationName = Release;
		};
		5258BAE82993C05B00814796 /* Build configuration list for PBXNativeTarget "GearCollectionAppTests" */ = {
			isa = XCConfigurationList;
			buildConfigurations = (
				5258BAE92993C05B00814796 /* Debug */,
				5258BAEA2993C05B00814796 /* Release */,
			);
			defaultConfigurationIsVisible = 0;
			defaultConfigurationName = Release;
		};
		5258BAEB2993C05B00814796 /* Build configuration list for PBXNativeTarget "GearCollectionAppUITests" */ = {
			isa = XCConfigurationList;
			buildConfigurations = (
				5258BAEC2993C05B00814796 /* Debug */,
				5258BAED2993C05B00814796 /* Release */,
			);
			defaultConfigurationIsVisible = 0;
			defaultConfigurationName = Release;
		};
/* End XCConfigurationList section */
	};
	rootObject = 5258BAB32993C05A00814796 /* Project object */;
}
